// !$*UTF8*$!
{
	archiveVersion = 1;
	classes = {
	};
	objectVersion = 56;
	objects = {

/* Begin PBXBuildFile section */
		AB1309342B7CC06C0035588B /* PaywallViewModel.swift in Sources */ = {isa = PBXBuildFile; fileRef = AB1309332B7CC06C0035588B /* PaywallViewModel.swift */; };
		AB2998892AFE3FE800A0D5E3 /* PaywallView.swift in Sources */ = {isa = PBXBuildFile; fileRef = AB2998882AFE3FE800A0D5E3 /* PaywallView.swift */; };
		ABE40FD22D3952230022DD4E /* AppRouter.swift in Sources */ = {isa = PBXBuildFile; fileRef = ABE40FCF2D3952230022DD4E /* AppRouter.swift */; };
		ABE40FD32D3952230022DD4E /* AppDestination.swift in Sources */ = {isa = PBXBuildFile; fileRef = ABE40FCD2D3952230022DD4E /* AppDestination.swift */; };
		ABE40FD42D3952230022DD4E /* BaseCoordinator.swift in Sources */ = {isa = PBXBuildFile; fileRef = ABE40FCE2D3952230022DD4E /* BaseCoordinator.swift */; };
		ABE40FD52D3952230022DD4E /* Navigatable.swift in Sources */ = {isa = PBXBuildFile; fileRef = ABE40FD02D3952230022DD4E /* Navigatable.swift */; };
		ABE40FD62D3952230022DD4E /* NavigationState.swift in Sources */ = {isa = PBXBuildFile; fileRef = ABE40FD12D3952230022DD4E /* NavigationState.swift */; };
		ABE40FDD2D39524D0022DD4E /* OnboardingView_1.swift in Sources */ = {isa = PBXBuildFile; fileRef = ABE40FD72D39524D0022DD4E /* OnboardingView_1.swift */; };
		ABE40FDE2D39524D0022DD4E /* OnboardingView_2.swift in Sources */ = {isa = PBXBuildFile; fileRef = ABE40FD82D39524D0022DD4E /* OnboardingView_2.swift */; };
		ABE40FE02D39524D0022DD4E /* SettingsView.swift in Sources */ = {isa = PBXBuildFile; fileRef = ABE40FDB2D39524D0022DD4E /* SettingsView.swift */; };
		ABE40FE12D39524D0022DD4E /* OnboardingView_3.swift in Sources */ = {isa = PBXBuildFile; fileRef = ABE40FD92D39524D0022DD4E /* OnboardingView_3.swift */; };
		ABE40FE22D39524D0022DD4E /* SplashView.swift in Sources */ = {isa = PBXBuildFile; fileRef = ABE40FDC2D39524D0022DD4E /* SplashView.swift */; };
		ABEDFA122B03DC5700C29C6C /* PaywallViewProtocol.swift in Sources */ = {isa = PBXBuildFile; fileRef = ABEDFA112B03DC5700C29C6C /* PaywallViewProtocol.swift */; };
		C72FB0B129A37F6300F8DEEF /* AppTemplateApp.swift in Sources */ = {isa = PBXBuildFile; fileRef = C72FB0B029A37F6300F8DEEF /* AppTemplateApp.swift */; };
		C72FB0B329A37F6300F8DEEF /* ContentView.swift in Sources */ = {isa = PBXBuildFile; fileRef = C72FB0B229A37F6300F8DEEF /* ContentView.swift */; };
		C72FB0B529A37F6500F8DEEF /* Assets.xcassets in Resources */ = {isa = PBXBuildFile; fileRef = C72FB0B429A37F6500F8DEEF /* Assets.xcassets */; };
		C72FB0B829A37F6500F8DEEF /* Preview Assets.xcassets in Resources */ = {isa = PBXBuildFile; fileRef = C72FB0B729A37F6500F8DEEF /* Preview Assets.xcassets */; };
		C7EDE5532D47C01F002677AD /* Purchases in Frameworks */ = {isa = PBXBuildFile; productRef = C7EDE5522D47C01F002677AD /* Purchases */; };
		C7EDE5572D47D91C002677AD /* Purchase.swift in Sources */ = {isa = PBXBuildFile; fileRef = C7EDE5562D47D91C002677AD /* Purchase.swift */; };
		C7EDE55B2D47DE17002677AD /* PuchasesManager.swift in Sources */ = {isa = PBXBuildFile; fileRef = C7EDE55A2D47DE17002677AD /* PuchasesManager.swift */; };
		C7EDE5612D48C2D1002677AD /* AppPurchaseIdentifier.swift in Sources */ = {isa = PBXBuildFile; fileRef = C7EDE5602D48C2D1002677AD /* AppPurchaseIdentifier.swift */; };
		C7EDE5632D48C2E0002677AD /* PaywallType.swift in Sources */ = {isa = PBXBuildFile; fileRef = C7EDE5622D48C2E0002677AD /* PaywallType.swift */; };
		C7EDE5652D48C4BC002677AD /* PaywallBaseViewModel.swift in Sources */ = {isa = PBXBuildFile; fileRef = C7EDE5642D48C4BC002677AD /* PaywallBaseViewModel.swift */; };
		C7EDE56C2D48C7F9002677AD /* Task+Timeout.swift in Sources */ = {isa = PBXBuildFile; fileRef = C7EDE56B2D48C7F9002677AD /* Task+Timeout.swift */; };
		C7EDE56F2D48E810002677AD /* BaseRouterView.swift in Sources */ = {isa = PBXBuildFile; fileRef = C7EDE56E2D48E810002677AD /* BaseRouterView.swift */; };
		C7EDE5712D48EBF3002677AD /* UserDefaultsStorage.swift in Sources */ = {isa = PBXBuildFile; fileRef = C7EDE5702D48EBF3002677AD /* UserDefaultsStorage.swift */; };
/* End PBXBuildFile section */

/* Begin PBXFileReference section */
		AB1309332B7CC06C0035588B /* PaywallViewModel.swift */ = {isa = PBXFileReference; lastKnownFileType = sourcecode.swift; path = PaywallViewModel.swift; sourceTree = "<group>"; };
		AB2998882AFE3FE800A0D5E3 /* PaywallView.swift */ = {isa = PBXFileReference; lastKnownFileType = sourcecode.swift; path = PaywallView.swift; sourceTree = "<group>"; };
		ABE40FCD2D3952230022DD4E /* AppDestination.swift */ = {isa = PBXFileReference; lastKnownFileType = sourcecode.swift; path = AppDestination.swift; sourceTree = "<group>"; };
		ABE40FCE2D3952230022DD4E /* BaseCoordinator.swift */ = {isa = PBXFileReference; lastKnownFileType = sourcecode.swift; path = BaseCoordinator.swift; sourceTree = "<group>"; };
		ABE40FCF2D3952230022DD4E /* AppRouter.swift */ = {isa = PBXFileReference; lastKnownFileType = sourcecode.swift; path = AppRouter.swift; sourceTree = "<group>"; };
		ABE40FD02D3952230022DD4E /* Navigatable.swift */ = {isa = PBXFileReference; lastKnownFileType = sourcecode.swift; path = Navigatable.swift; sourceTree = "<group>"; };
		ABE40FD12D3952230022DD4E /* NavigationState.swift */ = {isa = PBXFileReference; lastKnownFileType = sourcecode.swift; path = NavigationState.swift; sourceTree = "<group>"; };
		ABE40FD72D39524D0022DD4E /* OnboardingView_1.swift */ = {isa = PBXFileReference; lastKnownFileType = sourcecode.swift; path = OnboardingView_1.swift; sourceTree = "<group>"; };
		ABE40FD82D39524D0022DD4E /* OnboardingView_2.swift */ = {isa = PBXFileReference; lastKnownFileType = sourcecode.swift; path = OnboardingView_2.swift; sourceTree = "<group>"; };
		ABE40FD92D39524D0022DD4E /* OnboardingView_3.swift */ = {isa = PBXFileReference; lastKnownFileType = sourcecode.swift; path = OnboardingView_3.swift; sourceTree = "<group>"; };
		ABE40FDB2D39524D0022DD4E /* SettingsView.swift */ = {isa = PBXFileReference; lastKnownFileType = sourcecode.swift; path = SettingsView.swift; sourceTree = "<group>"; };
		ABE40FDC2D39524D0022DD4E /* SplashView.swift */ = {isa = PBXFileReference; lastKnownFileType = sourcecode.swift; path = SplashView.swift; sourceTree = "<group>"; };
		ABEDFA112B03DC5700C29C6C /* PaywallViewProtocol.swift */ = {isa = PBXFileReference; lastKnownFileType = sourcecode.swift; path = PaywallViewProtocol.swift; sourceTree = "<group>"; };
		C72FB0AD29A37F6300F8DEEF /* AppTemplate.app */ = {isa = PBXFileReference; explicitFileType = wrapper.application; includeInIndex = 0; path = AppTemplate.app; sourceTree = BUILT_PRODUCTS_DIR; };
		C72FB0B029A37F6300F8DEEF /* AppTemplateApp.swift */ = {isa = PBXFileReference; lastKnownFileType = sourcecode.swift; path = AppTemplateApp.swift; sourceTree = "<group>"; };
		C72FB0B229A37F6300F8DEEF /* ContentView.swift */ = {isa = PBXFileReference; lastKnownFileType = sourcecode.swift; path = ContentView.swift; sourceTree = "<group>"; };
		C72FB0B429A37F6500F8DEEF /* Assets.xcassets */ = {isa = PBXFileReference; lastKnownFileType = folder.assetcatalog; path = Assets.xcassets; sourceTree = "<group>"; };
		C72FB0B729A37F6500F8DEEF /* Preview Assets.xcassets */ = {isa = PBXFileReference; lastKnownFileType = folder.assetcatalog; path = "Preview Assets.xcassets"; sourceTree = "<group>"; };
		C7EDE5562D47D91C002677AD /* Purchase.swift */ = {isa = PBXFileReference; lastKnownFileType = sourcecode.swift; path = Purchase.swift; sourceTree = "<group>"; };
		C7EDE55A2D47DE17002677AD /* PuchasesManager.swift */ = {isa = PBXFileReference; lastKnownFileType = sourcecode.swift; path = PuchasesManager.swift; sourceTree = "<group>"; };
		C7EDE55C2D47E1E7002677AD /* Purchases */ = {isa = PBXFileReference; lastKnownFileType = wrapper; path = Purchases; sourceTree = "<group>"; };
		C7EDE5602D48C2D1002677AD /* AppPurchaseIdentifier.swift */ = {isa = PBXFileReference; lastKnownFileType = sourcecode.swift; path = AppPurchaseIdentifier.swift; sourceTree = "<group>"; };
		C7EDE5622D48C2E0002677AD /* PaywallType.swift */ = {isa = PBXFileReference; lastKnownFileType = sourcecode.swift; path = PaywallType.swift; sourceTree = "<group>"; };
		C7EDE5642D48C4BC002677AD /* PaywallBaseViewModel.swift */ = {isa = PBXFileReference; lastKnownFileType = sourcecode.swift; path = PaywallBaseViewModel.swift; sourceTree = "<group>"; };
		C7EDE56B2D48C7F9002677AD /* Task+Timeout.swift */ = {isa = PBXFileReference; lastKnownFileType = sourcecode.swift; path = "Task+Timeout.swift"; sourceTree = "<group>"; };
		C7EDE56E2D48E810002677AD /* BaseRouterView.swift */ = {isa = PBXFileReference; lastKnownFileType = sourcecode.swift; path = BaseRouterView.swift; sourceTree = "<group>"; };
		C7EDE5702D48EBF3002677AD /* UserDefaultsStorage.swift */ = {isa = PBXFileReference; lastKnownFileType = sourcecode.swift; path = UserDefaultsStorage.swift; sourceTree = "<group>"; };
/* End PBXFileReference section */

/* Begin PBXFrameworksBuildPhase section */
		C72FB0AA29A37F6300F8DEEF /* Frameworks */ = {
			isa = PBXFrameworksBuildPhase;
			buildActionMask = 2147483647;
			files = (
				C7EDE5532D47C01F002677AD /* Purchases in Frameworks */,
			);
			runOnlyForDeploymentPostprocessing = 0;
		};
/* End PBXFrameworksBuildPhase section */

/* Begin PBXGroup section */
		AB2998902AFE532800A0D5E3 /* Paywalls */ = {
			isa = PBXGroup;
			children = (
				C77473F72D43A93500FFF037 /* Common */,
				C77473F62D43A92400FFF037 /* Screens */,
			);
			path = Paywalls;
			sourceTree = "<group>";
		};
		ABE40FCC2D3951A40022DD4E /* Navigation */ = {
			isa = PBXGroup;
			children = (
				ABE40FD02D3952230022DD4E /* Navigatable.swift */,
				ABE40FCE2D3952230022DD4E /* BaseCoordinator.swift */,
				C7EDE56E2D48E810002677AD /* BaseRouterView.swift */,
				ABE40FD12D3952230022DD4E /* NavigationState.swift */,
			);
			path = Navigation;
			sourceTree = "<group>";
		};
		C72FB0A429A37F6300F8DEEF = {
			isa = PBXGroup;
			children = (
				C7EDE55C2D47E1E7002677AD /* Purchases */,
				C72FB0AF29A37F6300F8DEEF /* AppTemplate */,
				C72FB0AE29A37F6300F8DEEF /* Products */,
				C779D9732ACB0AD700EAABB1 /* Frameworks */,
			);
			sourceTree = "<group>";
		};
		C72FB0AE29A37F6300F8DEEF /* Products */ = {
			isa = PBXGroup;
			children = (
				C72FB0AD29A37F6300F8DEEF /* AppTemplate.app */,
			);
			name = Products;
			sourceTree = "<group>";
		};
		C72FB0AF29A37F6300F8DEEF /* AppTemplate */ = {
			isa = PBXGroup;
			children = (
				C72FB0E429A3CCE100F8DEEF /* App */,
				C77473F52D43A8FB00FFF037 /* AppNavigation */,
				C72FB0E629A3CD1D00F8DEEF /* AppContent */,
				C72FB0E529A3CCFB00F8DEEF /* Common */,
				C72FB0B429A37F6500F8DEEF /* Assets.xcassets */,
				C72FB0B629A37F6500F8DEEF /* Preview Content */,
			);
			path = AppTemplate;
			sourceTree = "<group>";
		};
		C72FB0B629A37F6500F8DEEF /* Preview Content */ = {
			isa = PBXGroup;
			children = (
				C72FB0B729A37F6500F8DEEF /* Preview Assets.xcassets */,
			);
			path = "Preview Content";
			sourceTree = "<group>";
		};
		C72FB0E429A3CCE100F8DEEF /* App */ = {
			isa = PBXGroup;
			children = (
				C72FB0B029A37F6300F8DEEF /* AppTemplateApp.swift */,
			);
			path = App;
			sourceTree = "<group>";
		};
		C72FB0E529A3CCFB00F8DEEF /* Common */ = {
			isa = PBXGroup;
			children = (
				C7EDE56A2D48C7E8002677AD /* Extensions */,
				C7EDE5542D47D740002677AD /* Purchases */,
				ABE40FCC2D3951A40022DD4E /* Navigation */,
				C72FB0EA29A3CDD700F8DEEF /* Helpers */,
			);
			path = Common;
			sourceTree = "<group>";
		};
		C72FB0E629A3CD1D00F8DEEF /* AppContent */ = {
			isa = PBXGroup;
			children = (
				C7EDE56D2D48CC23002677AD /* SplashScreen */,
				C77473F22D43A89F00FFF037 /* Onboarding */,
				AB2998902AFE532800A0D5E3 /* Paywalls */,
				C77473F32D43A8B200FFF037 /* Main */,
				C77473F42D43A8C700FFF037 /* Settings */,
			);
			path = AppContent;
			sourceTree = "<group>";
		};
		C72FB0EA29A3CDD700F8DEEF /* Helpers */ = {
			isa = PBXGroup;
			children = (
				C7EDE5702D48EBF3002677AD /* UserDefaultsStorage.swift */,
			);
			path = Helpers;
			sourceTree = "<group>";
		};
		C77473F22D43A89F00FFF037 /* Onboarding */ = {
			isa = PBXGroup;
			children = (
				ABE40FD72D39524D0022DD4E /* OnboardingView_1.swift */,
				ABE40FD82D39524D0022DD4E /* OnboardingView_2.swift */,
				ABE40FD92D39524D0022DD4E /* OnboardingView_3.swift */,
			);
			path = Onboarding;
			sourceTree = "<group>";
		};
		C77473F32D43A8B200FFF037 /* Main */ = {
			isa = PBXGroup;
			children = (
				C72FB0B229A37F6300F8DEEF /* ContentView.swift */,
			);
			path = Main;
			sourceTree = "<group>";
		};
		C77473F42D43A8C700FFF037 /* Settings */ = {
			isa = PBXGroup;
			children = (
				ABE40FDB2D39524D0022DD4E /* SettingsView.swift */,
			);
			path = Settings;
			sourceTree = "<group>";
		};
		C77473F52D43A8FB00FFF037 /* AppNavigation */ = {
			isa = PBXGroup;
			children = (
				ABE40FCD2D3952230022DD4E /* AppDestination.swift */,
				ABE40FCF2D3952230022DD4E /* AppRouter.swift */,
			);
			path = AppNavigation;
			sourceTree = "<group>";
		};
		C77473F62D43A92400FFF037 /* Screens */ = {
			isa = PBXGroup;
			children = (
				C7EDE5692D48C4FF002677AD /* PaywallScreen */,
			);
			path = Screens;
			sourceTree = "<group>";
		};
		C77473F72D43A93500FFF037 /* Common */ = {
			isa = PBXGroup;
			children = (
				C7EDE5662D48C4D6002677AD /* Protocols */,
				C7EDE5672D48C4DD002677AD /* Models */,
				C7EDE55F2D48C270002677AD /* ViewModel */,
			);
			path = Common;
			sourceTree = "<group>";
		};
		C779D9732ACB0AD700EAABB1 /* Frameworks */ = {
			isa = PBXGroup;
			children = (
			);
			name = Frameworks;
			sourceTree = "<group>";
		};
		C7EDE5542D47D740002677AD /* Purchases */ = {
			isa = PBXGroup;
			children = (
				C7EDE55A2D47DE17002677AD /* PuchasesManager.swift */,
				C7EDE5552D47D912002677AD /* Models */,
			);
			path = Purchases;
			sourceTree = "<group>";
		};
		C7EDE5552D47D912002677AD /* Models */ = {
			isa = PBXGroup;
			children = (
				C7EDE5562D47D91C002677AD /* Purchase.swift */,
			);
			path = Models;
			sourceTree = "<group>";
		};
		C7EDE55F2D48C270002677AD /* ViewModel */ = {
			isa = PBXGroup;
			children = (
				C7EDE5642D48C4BC002677AD /* PaywallBaseViewModel.swift */,
			);
			name = ViewModel;
			path = ../ViewModel;
			sourceTree = "<group>";
		};
		C7EDE5662D48C4D6002677AD /* Protocols */ = {
			isa = PBXGroup;
			children = (
				ABEDFA112B03DC5700C29C6C /* PaywallViewProtocol.swift */,
			);
			path = Protocols;
			sourceTree = "<group>";
		};
		C7EDE5672D48C4DD002677AD /* Models */ = {
			isa = PBXGroup;
			children = (
				C7EDE5602D48C2D1002677AD /* AppPurchaseIdentifier.swift */,
				C7EDE5622D48C2E0002677AD /* PaywallType.swift */,
			);
			path = Models;
			sourceTree = "<group>";
		};
		C7EDE5692D48C4FF002677AD /* PaywallScreen */ = {
			isa = PBXGroup;
			children = (
				AB1309332B7CC06C0035588B /* PaywallViewModel.swift */,
				AB2998882AFE3FE800A0D5E3 /* PaywallView.swift */,
			);
			path = PaywallScreen;
			sourceTree = "<group>";
		};
		C7EDE56A2D48C7E8002677AD /* Extensions */ = {
			isa = PBXGroup;
			children = (
				C7EDE56B2D48C7F9002677AD /* Task+Timeout.swift */,
			);
			path = Extensions;
			sourceTree = "<group>";
		};
		C7EDE56D2D48CC23002677AD /* SplashScreen */ = {
			isa = PBXGroup;
			children = (
				ABE40FDC2D39524D0022DD4E /* SplashView.swift */,
			);
			path = SplashScreen;
			sourceTree = "<group>";
		};
/* End PBXGroup section */

/* Begin PBXNativeTarget section */
		C72FB0AC29A37F6300F8DEEF /* AppTemplate */ = {
			isa = PBXNativeTarget;
			buildConfigurationList = C72FB0BB29A37F6500F8DEEF /* Build configuration list for PBXNativeTarget "AppTemplate" */;
			buildPhases = (
				C72FB0A929A37F6300F8DEEF /* Sources */,
				C72FB0AA29A37F6300F8DEEF /* Frameworks */,
				C72FB0AB29A37F6300F8DEEF /* Resources */,
			);
			buildRules = (
			);
			dependencies = (
				C7EDE55E2D47E214002677AD /* PBXTargetDependency */,
			);
			name = AppTemplate;
			packageProductDependencies = (
				C7EDE5522D47C01F002677AD /* Purchases */,
			);
			productName = AppTemplate;
			productReference = C72FB0AD29A37F6300F8DEEF /* AppTemplate.app */;
			productType = "com.apple.product-type.application";
		};
/* End PBXNativeTarget section */

/* Begin PBXProject section */
		C72FB0A529A37F6300F8DEEF /* Project object */ = {
			isa = PBXProject;
			attributes = {
				BuildIndependentTargetsInParallel = 1;
				LastSwiftUpdateCheck = 1410;
				LastUpgradeCheck = 1410;
				TargetAttributes = {
					C72FB0AC29A37F6300F8DEEF = {
						CreatedOnToolsVersion = 14.1;
					};
				};
			};
			buildConfigurationList = C72FB0A829A37F6300F8DEEF /* Build configuration list for PBXProject "AppTemplate" */;
			compatibilityVersion = "Xcode 14.0";
			developmentRegion = en;
			hasScannedForEncodings = 0;
			knownRegions = (
				en,
				Base,
			);
			mainGroup = C72FB0A429A37F6300F8DEEF;
			packageReferences = (
			);
			productRefGroup = C72FB0AE29A37F6300F8DEEF /* Products */;
			projectDirPath = "";
			projectRoot = "";
			targets = (
				C72FB0AC29A37F6300F8DEEF /* AppTemplate */,
			);
		};
/* End PBXProject section */

/* Begin PBXResourcesBuildPhase section */
		C72FB0AB29A37F6300F8DEEF /* Resources */ = {
			isa = PBXResourcesBuildPhase;
			buildActionMask = 2147483647;
			files = (
				C72FB0B829A37F6500F8DEEF /* Preview Assets.xcassets in Resources */,
				C72FB0B529A37F6500F8DEEF /* Assets.xcassets in Resources */,
			);
			runOnlyForDeploymentPostprocessing = 0;
		};
/* End PBXResourcesBuildPhase section */

/* Begin PBXSourcesBuildPhase section */
		C72FB0A929A37F6300F8DEEF /* Sources */ = {
			isa = PBXSourcesBuildPhase;
			buildActionMask = 2147483647;
			files = (
				ABE40FD22D3952230022DD4E /* AppRouter.swift in Sources */,
				ABE40FD32D3952230022DD4E /* AppDestination.swift in Sources */,
				C7EDE5572D47D91C002677AD /* Purchase.swift in Sources */,
				ABE40FD42D3952230022DD4E /* BaseCoordinator.swift in Sources */,
				ABE40FD52D3952230022DD4E /* Navigatable.swift in Sources */,
				C7EDE5712D48EBF3002677AD /* UserDefaultsStorage.swift in Sources */,
				ABE40FD62D3952230022DD4E /* NavigationState.swift in Sources */,
				AB2998892AFE3FE800A0D5E3 /* PaywallView.swift in Sources */,
				C7EDE5652D48C4BC002677AD /* PaywallBaseViewModel.swift in Sources */,
				ABEDFA122B03DC5700C29C6C /* PaywallViewProtocol.swift in Sources */,
				AB1309342B7CC06C0035588B /* PaywallViewModel.swift in Sources */,
				C72FB0B329A37F6300F8DEEF /* ContentView.swift in Sources */,
				ABE40FDD2D39524D0022DD4E /* OnboardingView_1.swift in Sources */,
				C7EDE5612D48C2D1002677AD /* AppPurchaseIdentifier.swift in Sources */,
				ABE40FDE2D39524D0022DD4E /* OnboardingView_2.swift in Sources */,
				ABE40FE02D39524D0022DD4E /* SettingsView.swift in Sources */,
				C7EDE5632D48C2E0002677AD /* PaywallType.swift in Sources */,
				ABE40FE12D39524D0022DD4E /* OnboardingView_3.swift in Sources */,
				C7EDE56C2D48C7F9002677AD /* Task+Timeout.swift in Sources */,
				ABE40FE22D39524D0022DD4E /* SplashView.swift in Sources */,
				C72FB0B129A37F6300F8DEEF /* AppTemplateApp.swift in Sources */,
				C7EDE56F2D48E810002677AD /* BaseRouterView.swift in Sources */,
				C7EDE55B2D47DE17002677AD /* PuchasesManager.swift in Sources */,
			);
			runOnlyForDeploymentPostprocessing = 0;
		};
/* End PBXSourcesBuildPhase section */

/* Begin PBXTargetDependency section */
		C7EDE55E2D47E214002677AD /* PBXTargetDependency */ = {
			isa = PBXTargetDependency;
			productRef = C7EDE55D2D47E214002677AD /* Purchases */;
		};
/* End PBXTargetDependency section */

/* Begin XCBuildConfiguration section */
		C72FB0B929A37F6500F8DEEF /* Debug */ = {
			isa = XCBuildConfiguration;
			buildSettings = {
				ALWAYS_SEARCH_USER_PATHS = NO;
				CLANG_ANALYZER_NONNULL = YES;
				CLANG_ANALYZER_NUMBER_OBJECT_CONVERSION = YES_AGGRESSIVE;
				CLANG_CXX_LANGUAGE_STANDARD = "gnu++20";
				CLANG_ENABLE_MODULES = YES;
				CLANG_ENABLE_OBJC_ARC = YES;
				CLANG_ENABLE_OBJC_WEAK = YES;
				CLANG_WARN_BLOCK_CAPTURE_AUTORELEASING = YES;
				CLANG_WARN_BOOL_CONVERSION = YES;
				CLANG_WARN_COMMA = YES;
				CLANG_WARN_CONSTANT_CONVERSION = YES;
				CLANG_WARN_DEPRECATED_OBJC_IMPLEMENTATIONS = YES;
				CLANG_WARN_DIRECT_OBJC_ISA_USAGE = YES_ERROR;
				CLANG_WARN_DOCUMENTATION_COMMENTS = YES;
				CLANG_WARN_EMPTY_BODY = YES;
				CLANG_WARN_ENUM_CONVERSION = YES;
				CLANG_WARN_INFINITE_RECURSION = YES;
				CLANG_WARN_INT_CONVERSION = YES;
				CLANG_WARN_NON_LITERAL_NULL_CONVERSION = YES;
				CLANG_WARN_OBJC_IMPLICIT_RETAIN_SELF = YES;
				CLANG_WARN_OBJC_LITERAL_CONVERSION = YES;
				CLANG_WARN_OBJC_ROOT_CLASS = YES_ERROR;
				CLANG_WARN_QUOTED_INCLUDE_IN_FRAMEWORK_HEADER = YES;
				CLANG_WARN_RANGE_LOOP_ANALYSIS = YES;
				CLANG_WARN_STRICT_PROTOTYPES = YES;
				CLANG_WARN_SUSPICIOUS_MOVE = YES;
				CLANG_WARN_UNGUARDED_AVAILABILITY = YES_AGGRESSIVE;
				CLANG_WARN_UNREACHABLE_CODE = YES;
				CLANG_WARN__DUPLICATE_METHOD_MATCH = YES;
				COPY_PHASE_STRIP = NO;
				DEBUG_INFORMATION_FORMAT = dwarf;
				ENABLE_STRICT_OBJC_MSGSEND = YES;
				ENABLE_TESTABILITY = YES;
				GCC_C_LANGUAGE_STANDARD = gnu11;
				GCC_DYNAMIC_NO_PIC = NO;
				GCC_NO_COMMON_BLOCKS = YES;
				GCC_OPTIMIZATION_LEVEL = 0;
				GCC_PREPROCESSOR_DEFINITIONS = (
					"DEBUG=1",
					"$(inherited)",
				);
				GCC_WARN_64_TO_32_BIT_CONVERSION = YES;
				GCC_WARN_ABOUT_RETURN_TYPE = YES_ERROR;
				GCC_WARN_UNDECLARED_SELECTOR = YES;
				GCC_WARN_UNINITIALIZED_AUTOS = YES_AGGRESSIVE;
				GCC_WARN_UNUSED_FUNCTION = YES;
				GCC_WARN_UNUSED_VARIABLE = YES;
				IPHONEOS_DEPLOYMENT_TARGET = 15.0;
				MTL_ENABLE_DEBUG_INFO = INCLUDE_SOURCE;
				MTL_FAST_MATH = YES;
				ONLY_ACTIVE_ARCH = YES;
				SDKROOT = iphoneos;
				SWIFT_ACTIVE_COMPILATION_CONDITIONS = DEBUG;
				SWIFT_OPTIMIZATION_LEVEL = "-Onone";
			};
			name = Debug;
		};
		C72FB0BA29A37F6500F8DEEF /* Release */ = {
			isa = XCBuildConfiguration;
			buildSettings = {
				ALWAYS_SEARCH_USER_PATHS = NO;
				CLANG_ANALYZER_NONNULL = YES;
				CLANG_ANALYZER_NUMBER_OBJECT_CONVERSION = YES_AGGRESSIVE;
				CLANG_CXX_LANGUAGE_STANDARD = "gnu++20";
				CLANG_ENABLE_MODULES = YES;
				CLANG_ENABLE_OBJC_ARC = YES;
				CLANG_ENABLE_OBJC_WEAK = YES;
				CLANG_WARN_BLOCK_CAPTURE_AUTORELEASING = YES;
				CLANG_WARN_BOOL_CONVERSION = YES;
				CLANG_WARN_COMMA = YES;
				CLANG_WARN_CONSTANT_CONVERSION = YES;
				CLANG_WARN_DEPRECATED_OBJC_IMPLEMENTATIONS = YES;
				CLANG_WARN_DIRECT_OBJC_ISA_USAGE = YES_ERROR;
				CLANG_WARN_DOCUMENTATION_COMMENTS = YES;
				CLANG_WARN_EMPTY_BODY = YES;
				CLANG_WARN_ENUM_CONVERSION = YES;
				CLANG_WARN_INFINITE_RECURSION = YES;
				CLANG_WARN_INT_CONVERSION = YES;
				CLANG_WARN_NON_LITERAL_NULL_CONVERSION = YES;
				CLANG_WARN_OBJC_IMPLICIT_RETAIN_SELF = YES;
				CLANG_WARN_OBJC_LITERAL_CONVERSION = YES;
				CLANG_WARN_OBJC_ROOT_CLASS = YES_ERROR;
				CLANG_WARN_QUOTED_INCLUDE_IN_FRAMEWORK_HEADER = YES;
				CLANG_WARN_RANGE_LOOP_ANALYSIS = YES;
				CLANG_WARN_STRICT_PROTOTYPES = YES;
				CLANG_WARN_SUSPICIOUS_MOVE = YES;
				CLANG_WARN_UNGUARDED_AVAILABILITY = YES_AGGRESSIVE;
				CLANG_WARN_UNREACHABLE_CODE = YES;
				CLANG_WARN__DUPLICATE_METHOD_MATCH = YES;
				COPY_PHASE_STRIP = NO;
				DEBUG_INFORMATION_FORMAT = "dwarf-with-dsym";
				ENABLE_NS_ASSERTIONS = NO;
				ENABLE_STRICT_OBJC_MSGSEND = YES;
				GCC_C_LANGUAGE_STANDARD = gnu11;
				GCC_NO_COMMON_BLOCKS = YES;
				GCC_WARN_64_TO_32_BIT_CONVERSION = YES;
				GCC_WARN_ABOUT_RETURN_TYPE = YES_ERROR;
				GCC_WARN_UNDECLARED_SELECTOR = YES;
				GCC_WARN_UNINITIALIZED_AUTOS = YES_AGGRESSIVE;
				GCC_WARN_UNUSED_FUNCTION = YES;
				GCC_WARN_UNUSED_VARIABLE = YES;
				IPHONEOS_DEPLOYMENT_TARGET = 15.0;
				MTL_ENABLE_DEBUG_INFO = NO;
				MTL_FAST_MATH = YES;
				SDKROOT = iphoneos;
				SWIFT_COMPILATION_MODE = wholemodule;
				SWIFT_OPTIMIZATION_LEVEL = "-O";
				VALIDATE_PRODUCT = YES;
			};
			name = Release;
		};
		C72FB0BC29A37F6500F8DEEF /* Debug */ = {
			isa = XCBuildConfiguration;
			buildSettings = {
				ASSETCATALOG_COMPILER_APPICON_NAME = AppIcon;
				ASSETCATALOG_COMPILER_GLOBAL_ACCENT_COLOR_NAME = AccentColor;
				CODE_SIGN_STYLE = Automatic;
				CURRENT_PROJECT_VERSION = 1;
				DEVELOPMENT_ASSET_PATHS = "\"AppTemplate/Preview Content\"";
				DEVELOPMENT_TEAM = CX7ADNQH8H;
				ENABLE_PREVIEWS = YES;
				GENERATE_INFOPLIST_FILE = YES;
				INFOPLIST_KEY_NSUserTrackingUsageDescription = "йцуйцуйцу";
				INFOPLIST_KEY_UIApplicationSceneManifest_Generation = YES;
				INFOPLIST_KEY_UIApplicationSupportsIndirectInputEvents = YES;
				INFOPLIST_KEY_UILaunchScreen_Generation = YES;
				INFOPLIST_KEY_UISupportedInterfaceOrientations = UIInterfaceOrientationPortrait;
				INFOPLIST_KEY_UISupportedInterfaceOrientations_iPad = "UIInterfaceOrientationPortrait UIInterfaceOrientationPortraitUpsideDown";
				IPHONEOS_DEPLOYMENT_TARGET = 16.0;
				LD_RUNPATH_SEARCH_PATHS = (
					"$(inherited)",
					"@executable_path/Frameworks",
				);
				MARKETING_VERSION = 2.0.4;
				PRODUCT_BUNDLE_IDENTIFIER = ap.AppTemplate;
				PRODUCT_NAME = "$(TARGET_NAME)";
				SUPPORTED_PLATFORMS = "iphoneos iphonesimulator";
				SUPPORTS_MACCATALYST = NO;
				SUPPORTS_MAC_DESIGNED_FOR_IPHONE_IPAD = NO;
				SWIFT_EMIT_LOC_STRINGS = YES;
				SWIFT_VERSION = 5.0;
				TARGETED_DEVICE_FAMILY = 1;
			};
			name = Debug;
		};
		C72FB0BD29A37F6500F8DEEF /* Release */ = {
			isa = XCBuildConfiguration;
			buildSettings = {
				ASSETCATALOG_COMPILER_APPICON_NAME = AppIcon;
				ASSETCATALOG_COMPILER_GLOBAL_ACCENT_COLOR_NAME = AccentColor;
				CODE_SIGN_STYLE = Automatic;
				CURRENT_PROJECT_VERSION = 1;
				DEVELOPMENT_ASSET_PATHS = "\"AppTemplate/Preview Content\"";
				DEVELOPMENT_TEAM = CX7ADNQH8H;
				ENABLE_PREVIEWS = YES;
				GENERATE_INFOPLIST_FILE = YES;
				INFOPLIST_KEY_NSUserTrackingUsageDescription = "йцуйцуйцу";
				INFOPLIST_KEY_UIApplicationSceneManifest_Generation = YES;
				INFOPLIST_KEY_UIApplicationSupportsIndirectInputEvents = YES;
				INFOPLIST_KEY_UILaunchScreen_Generation = YES;
				INFOPLIST_KEY_UISupportedInterfaceOrientations = UIInterfaceOrientationPortrait;
				INFOPLIST_KEY_UISupportedInterfaceOrientations_iPad = "UIInterfaceOrientationPortrait UIInterfaceOrientationPortraitUpsideDown";
				IPHONEOS_DEPLOYMENT_TARGET = 16.0;
				LD_RUNPATH_SEARCH_PATHS = (
					"$(inherited)",
					"@executable_path/Frameworks",
				);
				MARKETING_VERSION = 2.0.4;
				PRODUCT_BUNDLE_IDENTIFIER = ap.AppTemplate;
				PRODUCT_NAME = "$(TARGET_NAME)";
				SUPPORTED_PLATFORMS = "iphoneos iphonesimulator";
				SUPPORTS_MACCATALYST = NO;
				SUPPORTS_MAC_DESIGNED_FOR_IPHONE_IPAD = NO;
				SWIFT_EMIT_LOC_STRINGS = YES;
				SWIFT_VERSION = 5.0;
				TARGETED_DEVICE_FAMILY = 1;
			};
			name = Release;
		};
/* End XCBuildConfiguration section */

/* Begin XCConfigurationList section */
		C72FB0A829A37F6300F8DEEF /* Build configuration list for PBXProject "AppTemplate" */ = {
			isa = XCConfigurationList;
			buildConfigurations = (
				C72FB0B929A37F6500F8DEEF /* Debug */,
				C72FB0BA29A37F6500F8DEEF /* Release */,
			);
			defaultConfigurationIsVisible = 0;
			defaultConfigurationName = Release;
		};
		C72FB0BB29A37F6500F8DEEF /* Build configuration list for PBXNativeTarget "AppTemplate" */ = {
			isa = XCConfigurationList;
			buildConfigurations = (
				C72FB0BC29A37F6500F8DEEF /* Debug */,
				C72FB0BD29A37F6500F8DEEF /* Release */,
			);
			defaultConfigurationIsVisible = 0;
			defaultConfigurationName = Release;
		};
/* End XCConfigurationList section */

/* Begin XCSwiftPackageProductDependency section */
		C7EDE5522D47C01F002677AD /* Purchases */ = {
			isa = XCSwiftPackageProductDependency;
			productName = Purchases;
		};
		C7EDE55D2D47E214002677AD /* Purchases */ = {
			isa = XCSwiftPackageProductDependency;
			productName = Purchases;
		};
/* End XCSwiftPackageProductDependency section */
	};
	rootObject = C72FB0A529A37F6300F8DEEF /* Project object */;
}
