// !$*UTF8*$!
{
	archiveVersion = 1;
	classes = {
	};
	objectVersion = 56;
	objects = {

/* Begin PBXBuildFile section */
		7CF56B682B7664A500F6FD01 /* BaseCoordinator.swift in Sources */ = {isa = PBXBuildFile; fileRef = 7CF56B672B7664A500F6FD01 /* BaseCoordinator.swift */; };
		7CF56B6A2B7664C000F6FD01 /* Drawable.swift in Sources */ = {isa = PBXBuildFile; fileRef = 7CF56B692B7664C000F6FD01 /* Drawable.swift */; };
		7CF56B6C2B7664CC00F6FD01 /* ModalRouter.swift in Sources */ = {isa = PBXBuildFile; fileRef = 7CF56B6B2B7664CB00F6FD01 /* ModalRouter.swift */; };
		7CF56B6E2B7664DB00F6FD01 /* Router.swift in Sources */ = {isa = PBXBuildFile; fileRef = 7CF56B6D2B7664DB00F6FD01 /* Router.swift */; };
		7CF56B712B76651A00F6FD01 /* WebViewCoordinator.swift in Sources */ = {isa = PBXBuildFile; fileRef = 7CF56B702B76651A00F6FD01 /* WebViewCoordinator.swift */; };
		7CF56B732B76652800F6FD01 /* WebViewView.swift in Sources */ = {isa = PBXBuildFile; fileRef = 7CF56B722B76652800F6FD01 /* WebViewView.swift */; };
		7CF56B752B76653C00F6FD01 /* WebViewViewModel.swift in Sources */ = {isa = PBXBuildFile; fileRef = 7CF56B742B76653C00F6FD01 /* WebViewViewModel.swift */; };
		7CF56B772B76658200F6FD01 /* SwiftUIView.swift in Sources */ = {isa = PBXBuildFile; fileRef = 7CF56B762B76658200F6FD01 /* SwiftUIView.swift */; };
		7CF56B812B7666E300F6FD01 /* EmptyPaywallViewModel.swift in Sources */ = {isa = PBXBuildFile; fileRef = 7CF56B7C2B7666E300F6FD01 /* EmptyPaywallViewModel.swift */; };
		7CF56B822B7666E300F6FD01 /* EmptyPaywallView.swift in Sources */ = {isa = PBXBuildFile; fileRef = 7CF56B7D2B7666E300F6FD01 /* EmptyPaywallView.swift */; };
		7CF56B832B7666E300F6FD01 /* EmptyPaywallCoordinator.swift in Sources */ = {isa = PBXBuildFile; fileRef = 7CF56B7E2B7666E300F6FD01 /* EmptyPaywallCoordinator.swift */; };
		7CF56B852B76672800F6FD01 /* PaywallFactory.swift in Sources */ = {isa = PBXBuildFile; fileRef = 7CF56B842B76672800F6FD01 /* PaywallFactory.swift */; };
		7CF56B872B76683B00F6FD01 /* Constants.swift in Sources */ = {isa = PBXBuildFile; fileRef = 7CF56B862B76683B00F6FD01 /* Constants.swift */; };
		7CF56B892B7678CF00F6FD01 /* AppCoordinator.swift in Sources */ = {isa = PBXBuildFile; fileRef = 7CF56B882B7678CF00F6FD01 /* AppCoordinator.swift */; };
		7CF56B922B7678EB00F6FD01 /* LaunchViewModel.swift in Sources */ = {isa = PBXBuildFile; fileRef = 7CF56B8D2B7678EB00F6FD01 /* LaunchViewModel.swift */; };
		7CF56B932B7678EB00F6FD01 /* LaunchView.swift in Sources */ = {isa = PBXBuildFile; fileRef = 7CF56B8E2B7678EB00F6FD01 /* LaunchView.swift */; };
		7CF56B942B7678EB00F6FD01 /* LaunchCoordinator.swift in Sources */ = {isa = PBXBuildFile; fileRef = 7CF56B8F2B7678EB00F6FD01 /* LaunchCoordinator.swift */; };
		7CF56B972B76799A00F6FD01 /* AppEnvironment.swift in Sources */ = {isa = PBXBuildFile; fileRef = 7CF56B962B76799A00F6FD01 /* AppEnvironment.swift */; };
		7CF56B992B7679B600F6FD01 /* DIContainer.swift in Sources */ = {isa = PBXBuildFile; fileRef = 7CF56B982B7679B600F6FD01 /* DIContainer.swift */; };
		7CF56B9B2B767A8E00F6FD01 /* SceneDelegate.swift in Sources */ = {isa = PBXBuildFile; fileRef = 7CF56B9A2B767A8E00F6FD01 /* SceneDelegate.swift */; };
		7CF56B9E2B767B6100F6FD01 /* AlertViewModel.swift in Sources */ = {isa = PBXBuildFile; fileRef = 7CF56B9D2B767B6100F6FD01 /* AlertViewModel.swift */; };
		7CF56BA02B767B7000F6FD01 /* ConfirmDialogModifier.swift in Sources */ = {isa = PBXBuildFile; fileRef = 7CF56B9F2B767B7000F6FD01 /* ConfirmDialogModifier.swift */; };
		7CF56BA22B767BFD00F6FD01 /* WebViewWrapper.swift in Sources */ = {isa = PBXBuildFile; fileRef = 7CF56BA12B767BFD00F6FD01 /* WebViewWrapper.swift */; };
		7CF56BA42B767C3200F6FD01 /* UIApplication.swift in Sources */ = {isa = PBXBuildFile; fileRef = 7CF56BA32B767C3200F6FD01 /* UIApplication.swift */; };
		AB2998832AFE3D9F00A0D5E3 /* Array.swift in Sources */ = {isa = PBXBuildFile; fileRef = AB2998822AFE3D9F00A0D5E3 /* Array.swift */; };
		ABEDFA102B036C3400C29C6C /* PaywallConfig.swift in Sources */ = {isa = PBXBuildFile; fileRef = ABEDFA0F2B036C3400C29C6C /* PaywallConfig.swift */; };
		ABEDFA142B051C0500C29C6C /* PaywallDataSource.swift in Sources */ = {isa = PBXBuildFile; fileRef = ABEDFA132B051C0500C29C6C /* PaywallDataSource.swift */; };
		ABEDFA192B0625B700C29C6C /* GoogleService-Info.plist in Resources */ = {isa = PBXBuildFile; fileRef = ABEDFA182B0625B700C29C6C /* GoogleService-Info.plist */; };
		C72BBA802AD96F3D00AB1E87 /* CoreIntegrations in Frameworks */ = {isa = PBXBuildFile; productRef = C72BBA7F2AD96F3D00AB1E87 /* CoreIntegrations */; };
		C72FB0B529A37F6500F8DEEF /* Assets.xcassets in Resources */ = {isa = PBXBuildFile; fileRef = C72FB0B429A37F6500F8DEEF /* Assets.xcassets */; };
		C72FB0B829A37F6500F8DEEF /* Preview Assets.xcassets in Resources */ = {isa = PBXBuildFile; fileRef = C72FB0B729A37F6500F8DEEF /* Preview Assets.xcassets */; };
		C72FB0BF29A3919000F8DEEF /* AppDelegate.swift in Sources */ = {isa = PBXBuildFile; fileRef = C72FB0BE29A3919000F8DEEF /* AppDelegate.swift */; };
		C72FB0DF29A3A2DF00F8DEEF /* AppCoreSettings.swift in Sources */ = {isa = PBXBuildFile; fileRef = C72FB0DE29A3A2DF00F8DEEF /* AppCoreSettings.swift */; };
		C72FB0E129A3BC1000F8DEEF /* UDStorage.swift in Sources */ = {isa = PBXBuildFile; fileRef = C72FB0E029A3BC1000F8DEEF /* UDStorage.swift */; };
		C75CFA9F2ADD33F2009D5B28 /* AttDataSource.swift in Sources */ = {isa = PBXBuildFile; fileRef = C75CFA9E2ADD33F2009D5B28 /* AttDataSource.swift */; };
		C779D9772ACC197D00EAABB1 /* AppCoreConfiguration.swift in Sources */ = {isa = PBXBuildFile; fileRef = C779D9762ACC197D00EAABB1 /* AppCoreConfiguration.swift */; };
		C779D9792ACC19B900EAABB1 /* AppAnalytics.swift in Sources */ = {isa = PBXBuildFile; fileRef = C779D9782ACC19B900EAABB1 /* AppAnalytics.swift */; };
		C779D97B2ACC19E700EAABB1 /* AppRemoteConfig.swift in Sources */ = {isa = PBXBuildFile; fileRef = C779D97A2ACC19E700EAABB1 /* AppRemoteConfig.swift */; };
		C79D96012A3C61010071C58E /* PaywallState.swift in Sources */ = {isa = PBXBuildFile; fileRef = C79D96002A3C61010071C58E /* PaywallState.swift */; };
		C79D96092A3C62F80071C58E /* Dictionary.swift in Sources */ = {isa = PBXBuildFile; fileRef = C79D96082A3C62F80071C58E /* Dictionary.swift */; };
		C7F2EB832AD681FA00D2BC00 /* AppCoreManager.swift in Sources */ = {isa = PBXBuildFile; fileRef = C7F2EB822AD681FA00D2BC00 /* AppCoreManager.swift */; };
		C7F2EB882AD88BE300D2BC00 /* AppConfigurationEvents.swift in Sources */ = {isa = PBXBuildFile; fileRef = C7F2EB872AD88BE300D2BC00 /* AppConfigurationEvents.swift */; };
/* End PBXBuildFile section */

/* Begin PBXFileReference section */
		7CF56B672B7664A500F6FD01 /* BaseCoordinator.swift */ = {isa = PBXFileReference; lastKnownFileType = sourcecode.swift; path = BaseCoordinator.swift; sourceTree = "<group>"; };
		7CF56B692B7664C000F6FD01 /* Drawable.swift */ = {isa = PBXFileReference; lastKnownFileType = sourcecode.swift; path = Drawable.swift; sourceTree = "<group>"; };
		7CF56B6B2B7664CB00F6FD01 /* ModalRouter.swift */ = {isa = PBXFileReference; lastKnownFileType = sourcecode.swift; path = ModalRouter.swift; sourceTree = "<group>"; };
		7CF56B6D2B7664DB00F6FD01 /* Router.swift */ = {isa = PBXFileReference; lastKnownFileType = sourcecode.swift; path = Router.swift; sourceTree = "<group>"; };
		7CF56B702B76651A00F6FD01 /* WebViewCoordinator.swift */ = {isa = PBXFileReference; lastKnownFileType = sourcecode.swift; path = WebViewCoordinator.swift; sourceTree = "<group>"; };
		7CF56B722B76652800F6FD01 /* WebViewView.swift */ = {isa = PBXFileReference; lastKnownFileType = sourcecode.swift; path = WebViewView.swift; sourceTree = "<group>"; };
		7CF56B742B76653C00F6FD01 /* WebViewViewModel.swift */ = {isa = PBXFileReference; lastKnownFileType = sourcecode.swift; path = WebViewViewModel.swift; sourceTree = "<group>"; };
		7CF56B762B76658200F6FD01 /* SwiftUIView.swift */ = {isa = PBXFileReference; lastKnownFileType = sourcecode.swift; path = SwiftUIView.swift; sourceTree = "<group>"; };
		7CF56B7C2B7666E300F6FD01 /* EmptyPaywallViewModel.swift */ = {isa = PBXFileReference; lastKnownFileType = sourcecode.swift; path = EmptyPaywallViewModel.swift; sourceTree = "<group>"; };
		7CF56B7D2B7666E300F6FD01 /* EmptyPaywallView.swift */ = {isa = PBXFileReference; lastKnownFileType = sourcecode.swift; path = EmptyPaywallView.swift; sourceTree = "<group>"; };
		7CF56B7E2B7666E300F6FD01 /* EmptyPaywallCoordinator.swift */ = {isa = PBXFileReference; lastKnownFileType = sourcecode.swift; path = EmptyPaywallCoordinator.swift; sourceTree = "<group>"; };
		7CF56B842B76672800F6FD01 /* PaywallFactory.swift */ = {isa = PBXFileReference; lastKnownFileType = sourcecode.swift; path = PaywallFactory.swift; sourceTree = "<group>"; };
		7CF56B862B76683B00F6FD01 /* Constants.swift */ = {isa = PBXFileReference; lastKnownFileType = sourcecode.swift; path = Constants.swift; sourceTree = "<group>"; };
		7CF56B882B7678CF00F6FD01 /* AppCoordinator.swift */ = {isa = PBXFileReference; lastKnownFileType = sourcecode.swift; path = AppCoordinator.swift; sourceTree = "<group>"; };
		7CF56B8D2B7678EB00F6FD01 /* LaunchViewModel.swift */ = {isa = PBXFileReference; lastKnownFileType = sourcecode.swift; path = LaunchViewModel.swift; sourceTree = "<group>"; };
		7CF56B8E2B7678EB00F6FD01 /* LaunchView.swift */ = {isa = PBXFileReference; lastKnownFileType = sourcecode.swift; path = LaunchView.swift; sourceTree = "<group>"; };
		7CF56B8F2B7678EB00F6FD01 /* LaunchCoordinator.swift */ = {isa = PBXFileReference; lastKnownFileType = sourcecode.swift; path = LaunchCoordinator.swift; sourceTree = "<group>"; };
		7CF56B962B76799A00F6FD01 /* AppEnvironment.swift */ = {isa = PBXFileReference; lastKnownFileType = sourcecode.swift; path = AppEnvironment.swift; sourceTree = "<group>"; };
		7CF56B982B7679B600F6FD01 /* DIContainer.swift */ = {isa = PBXFileReference; lastKnownFileType = sourcecode.swift; path = DIContainer.swift; sourceTree = "<group>"; };
		7CF56B9A2B767A8E00F6FD01 /* SceneDelegate.swift */ = {isa = PBXFileReference; lastKnownFileType = sourcecode.swift; path = SceneDelegate.swift; sourceTree = "<group>"; };
		7CF56B9D2B767B6100F6FD01 /* AlertViewModel.swift */ = {isa = PBXFileReference; lastKnownFileType = sourcecode.swift; path = AlertViewModel.swift; sourceTree = "<group>"; };
		7CF56B9F2B767B7000F6FD01 /* ConfirmDialogModifier.swift */ = {isa = PBXFileReference; lastKnownFileType = sourcecode.swift; path = ConfirmDialogModifier.swift; sourceTree = "<group>"; };
		7CF56BA12B767BFD00F6FD01 /* WebViewWrapper.swift */ = {isa = PBXFileReference; lastKnownFileType = sourcecode.swift; path = WebViewWrapper.swift; sourceTree = "<group>"; };
		7CF56BA32B767C3200F6FD01 /* UIApplication.swift */ = {isa = PBXFileReference; lastKnownFileType = sourcecode.swift; path = UIApplication.swift; sourceTree = "<group>"; };
		7CF56BA52B767CC200F6FD01 /* Info.plist */ = {isa = PBXFileReference; lastKnownFileType = text.plist; path = Info.plist; sourceTree = "<group>"; };
		AB2998822AFE3D9F00A0D5E3 /* Array.swift */ = {isa = PBXFileReference; lastKnownFileType = sourcecode.swift; path = Array.swift; sourceTree = "<group>"; };
		ABEDFA0F2B036C3400C29C6C /* PaywallConfig.swift */ = {isa = PBXFileReference; lastKnownFileType = sourcecode.swift; path = PaywallConfig.swift; sourceTree = "<group>"; };
		ABEDFA132B051C0500C29C6C /* PaywallDataSource.swift */ = {isa = PBXFileReference; lastKnownFileType = sourcecode.swift; path = PaywallDataSource.swift; sourceTree = "<group>"; };
		ABEDFA182B0625B700C29C6C /* GoogleService-Info.plist */ = {isa = PBXFileReference; fileEncoding = 4; lastKnownFileType = text.plist.xml; path = "GoogleService-Info.plist"; sourceTree = "<group>"; };
		C72FB0AD29A37F6300F8DEEF /* AppTemplate.app */ = {isa = PBXFileReference; explicitFileType = wrapper.application; includeInIndex = 0; path = AppTemplate.app; sourceTree = BUILT_PRODUCTS_DIR; };
		C72FB0B429A37F6500F8DEEF /* Assets.xcassets */ = {isa = PBXFileReference; lastKnownFileType = folder.assetcatalog; path = Assets.xcassets; sourceTree = "<group>"; };
		C72FB0B729A37F6500F8DEEF /* Preview Assets.xcassets */ = {isa = PBXFileReference; lastKnownFileType = folder.assetcatalog; path = "Preview Assets.xcassets"; sourceTree = "<group>"; };
		C72FB0BE29A3919000F8DEEF /* AppDelegate.swift */ = {isa = PBXFileReference; lastKnownFileType = sourcecode.swift; path = AppDelegate.swift; sourceTree = "<group>"; };
		C72FB0DE29A3A2DF00F8DEEF /* AppCoreSettings.swift */ = {isa = PBXFileReference; lastKnownFileType = sourcecode.swift; path = AppCoreSettings.swift; sourceTree = "<group>"; };
		C72FB0E029A3BC1000F8DEEF /* UDStorage.swift */ = {isa = PBXFileReference; lastKnownFileType = sourcecode.swift; path = UDStorage.swift; sourceTree = "<group>"; };
		C75CFA9E2ADD33F2009D5B28 /* AttDataSource.swift */ = {isa = PBXFileReference; lastKnownFileType = sourcecode.swift; path = AttDataSource.swift; sourceTree = "<group>"; };
		C779D9762ACC197D00EAABB1 /* AppCoreConfiguration.swift */ = {isa = PBXFileReference; lastKnownFileType = sourcecode.swift; path = AppCoreConfiguration.swift; sourceTree = "<group>"; };
		C779D9782ACC19B900EAABB1 /* AppAnalytics.swift */ = {isa = PBXFileReference; lastKnownFileType = sourcecode.swift; path = AppAnalytics.swift; sourceTree = "<group>"; };
		C779D97A2ACC19E700EAABB1 /* AppRemoteConfig.swift */ = {isa = PBXFileReference; lastKnownFileType = sourcecode.swift; path = AppRemoteConfig.swift; sourceTree = "<group>"; };
		C79D96002A3C61010071C58E /* PaywallState.swift */ = {isa = PBXFileReference; lastKnownFileType = sourcecode.swift; path = PaywallState.swift; sourceTree = "<group>"; };
		C79D96082A3C62F80071C58E /* Dictionary.swift */ = {isa = PBXFileReference; lastKnownFileType = sourcecode.swift; path = Dictionary.swift; sourceTree = "<group>"; };
		C7F2EB822AD681FA00D2BC00 /* AppCoreManager.swift */ = {isa = PBXFileReference; lastKnownFileType = sourcecode.swift; path = AppCoreManager.swift; sourceTree = "<group>"; };
		C7F2EB872AD88BE300D2BC00 /* AppConfigurationEvents.swift */ = {isa = PBXFileReference; lastKnownFileType = sourcecode.swift; path = AppConfigurationEvents.swift; sourceTree = "<group>"; };
/* End PBXFileReference section */

/* Begin PBXFrameworksBuildPhase section */
		C72FB0AA29A37F6300F8DEEF /* Frameworks */ = {
			isa = PBXFrameworksBuildPhase;
			buildActionMask = 2147483647;
			files = (
				C72BBA802AD96F3D00AB1E87 /* CoreIntegrations in Frameworks */,
			);
			runOnlyForDeploymentPostprocessing = 0;
		};
/* End PBXFrameworksBuildPhase section */

/* Begin PBXGroup section */
		7CF56B662B76648700F6FD01 /* Coordinator */ = {
			isa = PBXGroup;
			children = (
				7CF56B672B7664A500F6FD01 /* BaseCoordinator.swift */,
				7CF56B692B7664C000F6FD01 /* Drawable.swift */,
				7CF56B6B2B7664CB00F6FD01 /* ModalRouter.swift */,
				7CF56B6D2B7664DB00F6FD01 /* Router.swift */,
			);
			path = Coordinator;
			sourceTree = "<group>";
		};
		7CF56B6F2B76650900F6FD01 /* WebView */ = {
			isa = PBXGroup;
			children = (
				7CF56B702B76651A00F6FD01 /* WebViewCoordinator.swift */,
				7CF56B722B76652800F6FD01 /* WebViewView.swift */,
				7CF56B742B76653C00F6FD01 /* WebViewViewModel.swift */,
				7CF56BA12B767BFD00F6FD01 /* WebViewWrapper.swift */,
			);
			path = WebView;
			sourceTree = "<group>";
		};
		7CF56B792B7666C600F6FD01 /* EmptyPaywall */ = {
			isa = PBXGroup;
			children = (
				7CF56B7C2B7666E300F6FD01 /* EmptyPaywallViewModel.swift */,
				7CF56B7D2B7666E300F6FD01 /* EmptyPaywallView.swift */,
				7CF56B7E2B7666E300F6FD01 /* EmptyPaywallCoordinator.swift */,
			);
			path = EmptyPaywall;
			sourceTree = "<group>";
		};
		7CF56B8A2B7678DF00F6FD01 /* Launch */ = {
			isa = PBXGroup;
			children = (
				7CF56B8D2B7678EB00F6FD01 /* LaunchViewModel.swift */,
				7CF56B8E2B7678EB00F6FD01 /* LaunchView.swift */,
				7CF56B8F2B7678EB00F6FD01 /* LaunchCoordinator.swift */,
			);
			path = Launch;
			sourceTree = "<group>";
		};
		7CF56B952B76798300F6FD01 /* Services */ = {
			isa = PBXGroup;
			children = (
				7CF56B962B76799A00F6FD01 /* AppEnvironment.swift */,
				7CF56B982B7679B600F6FD01 /* DIContainer.swift */,
			);
			path = Services;
			sourceTree = "<group>";
		};
		7CF56B9C2B767B5800F6FD01 /* Modifiers */ = {
			isa = PBXGroup;
			children = (
				7CF56B9D2B767B6100F6FD01 /* AlertViewModel.swift */,
				7CF56B9F2B767B7000F6FD01 /* ConfirmDialogModifier.swift */,
			);
			path = Modifiers;
			sourceTree = "<group>";
		};
		AB2998902AFE532800A0D5E3 /* Paywalls */ = {
			isa = PBXGroup;
			children = (
				7CF56B792B7666C600F6FD01 /* EmptyPaywall */,
				7CF56B842B76672800F6FD01 /* PaywallFactory.swift */,
			);
			path = Paywalls;
			sourceTree = "<group>";
		};
		C72FB0A429A37F6300F8DEEF = {
			isa = PBXGroup;
			children = (
				ABEDFA182B0625B700C29C6C /* GoogleService-Info.plist */,
				C779D96D2ACAFF7D00EAABB1 /* Packages */,
				C72FB0AF29A37F6300F8DEEF /* AppTemplate */,
				C72FB0AE29A37F6300F8DEEF /* Products */,
				C779D9732ACB0AD700EAABB1 /* Frameworks */,
			);
			sourceTree = "<group>";
		};
		C72FB0AE29A37F6300F8DEEF /* Products */ = {
			isa = PBXGroup;
			children = (
				C72FB0AD29A37F6300F8DEEF /* AppTemplate.app */,
			);
			name = Products;
			sourceTree = "<group>";
		};
		C72FB0AF29A37F6300F8DEEF /* AppTemplate */ = {
			isa = PBXGroup;
			children = (
				7CF56BA52B767CC200F6FD01 /* Info.plist */,
				C72FB0E429A3CCE100F8DEEF /* Core */,
				C72FB0E629A3CD1D00F8DEEF /* AppContent */,
				C72FB0E529A3CCFB00F8DEEF /* Common */,
				7CF56B952B76798300F6FD01 /* Services */,
				C72FB0B429A37F6500F8DEEF /* Assets.xcassets */,
				C72FB0B629A37F6500F8DEEF /* Preview Content */,
			);
			path = AppTemplate;
			sourceTree = "<group>";
		};
		C72FB0B629A37F6500F8DEEF /* Preview Content */ = {
			isa = PBXGroup;
			children = (
				C72FB0B729A37F6500F8DEEF /* Preview Assets.xcassets */,
			);
			path = "Preview Content";
			sourceTree = "<group>";
		};
		C72FB0E429A3CCE100F8DEEF /* Core */ = {
			isa = PBXGroup;
			children = (
				C779D9782ACC19B900EAABB1 /* AppAnalytics.swift */,
				C7F2EB872AD88BE300D2BC00 /* AppConfigurationEvents.swift */,
				7CF56B882B7678CF00F6FD01 /* AppCoordinator.swift */,
				C779D9762ACC197D00EAABB1 /* AppCoreConfiguration.swift */,
				C7F2EB822AD681FA00D2BC00 /* AppCoreManager.swift */,
				C72FB0DE29A3A2DF00F8DEEF /* AppCoreSettings.swift */,
				C72FB0BE29A3919000F8DEEF /* AppDelegate.swift */,
				C779D97A2ACC19E700EAABB1 /* AppRemoteConfig.swift */,
				C75CFA9E2ADD33F2009D5B28 /* AttDataSource.swift */,
				ABEDFA0F2B036C3400C29C6C /* PaywallConfig.swift */,
				ABEDFA132B051C0500C29C6C /* PaywallDataSource.swift */,
				7CF56B9A2B767A8E00F6FD01 /* SceneDelegate.swift */,
			);
			path = Core;
			sourceTree = "<group>";
		};
		C72FB0E529A3CCFB00F8DEEF /* Common */ = {
			isa = PBXGroup;
			children = (
				7CF56B862B76683B00F6FD01 /* Constants.swift */,
				7CF56B662B76648700F6FD01 /* Coordinator */,
				C79D96072A3C62E40071C58E /* Extensions */,
				C72FB0EA29A3CDD700F8DEEF /* Helpers */,
				7CF56B9C2B767B5800F6FD01 /* Modifiers */,
				C72FB0E929A3CD7D00F8DEEF /* Subscription */,
				7CF56B6F2B76650900F6FD01 /* WebView */,
			);
			path = Common;
			sourceTree = "<group>";
		};
		C72FB0E629A3CD1D00F8DEEF /* AppContent */ = {
			isa = PBXGroup;
			children = (
				7CF56B8A2B7678DF00F6FD01 /* Launch */,
				AB2998902AFE532800A0D5E3 /* Paywalls */,
			);
			path = AppContent;
			sourceTree = "<group>";
		};
		C72FB0E929A3CD7D00F8DEEF /* Subscription */ = {
			isa = PBXGroup;
			children = (
				C79D96002A3C61010071C58E /* PaywallState.swift */,
			);
			path = Subscription;
			sourceTree = "<group>";
		};
		C72FB0EA29A3CDD700F8DEEF /* Helpers */ = {
			isa = PBXGroup;
			children = (
				C72FB0EB29A3CDE100F8DEEF /* Storage */,
			);
			path = Helpers;
			sourceTree = "<group>";
		};
		C72FB0EB29A3CDE100F8DEEF /* Storage */ = {
			isa = PBXGroup;
			children = (
				C72FB0E029A3BC1000F8DEEF /* UDStorage.swift */,
			);
			path = Storage;
			sourceTree = "<group>";
		};
		C779D96D2ACAFF7D00EAABB1 /* Packages */ = {
			isa = PBXGroup;
			children = (
			);
			name = Packages;
			sourceTree = "<group>";
		};
		C779D9732ACB0AD700EAABB1 /* Frameworks */ = {
			isa = PBXGroup;
			children = (
			);
			name = Frameworks;
			sourceTree = "<group>";
		};
		C79D96072A3C62E40071C58E /* Extensions */ = {
			isa = PBXGroup;
			children = (
				C79D96082A3C62F80071C58E /* Dictionary.swift */,
				AB2998822AFE3D9F00A0D5E3 /* Array.swift */,
				7CF56B762B76658200F6FD01 /* SwiftUIView.swift */,
				7CF56BA32B767C3200F6FD01 /* UIApplication.swift */,
			);
			path = Extensions;
			sourceTree = "<group>";
		};
/* End PBXGroup section */

/* Begin PBXNativeTarget section */
		C72FB0AC29A37F6300F8DEEF /* AppTemplate */ = {
			isa = PBXNativeTarget;
			buildConfigurationList = C72FB0BB29A37F6500F8DEEF /* Build configuration list for PBXNativeTarget "AppTemplate" */;
			buildPhases = (
				C72FB0A929A37F6300F8DEEF /* Sources */,
				C72FB0AA29A37F6300F8DEEF /* Frameworks */,
				C72FB0AB29A37F6300F8DEEF /* Resources */,
			);
			buildRules = (
			);
			dependencies = (
			);
			name = AppTemplate;
			packageProductDependencies = (
				C72BBA7F2AD96F3D00AB1E87 /* CoreIntegrations */,
			);
			productName = AppTemplate;
			productReference = C72FB0AD29A37F6300F8DEEF /* AppTemplate.app */;
			productType = "com.apple.product-type.application";
		};
/* End PBXNativeTarget section */

/* Begin PBXProject section */
		C72FB0A529A37F6300F8DEEF /* Project object */ = {
			isa = PBXProject;
			attributes = {
				BuildIndependentTargetsInParallel = 1;
				LastSwiftUpdateCheck = 1410;
				LastUpgradeCheck = 1410;
				TargetAttributes = {
					C72FB0AC29A37F6300F8DEEF = {
						CreatedOnToolsVersion = 14.1;
					};
				};
			};
			buildConfigurationList = C72FB0A829A37F6300F8DEEF /* Build configuration list for PBXProject "AppTemplate" */;
			compatibilityVersion = "Xcode 14.0";
			developmentRegion = en;
			hasScannedForEncodings = 0;
			knownRegions = (
				en,
				Base,
			);
			mainGroup = C72FB0A429A37F6300F8DEEF;
			packageReferences = (
				C72BBA7E2AD96F3D00AB1E87 /* XCRemoteSwiftPackageReference "CoreIntegrations" */,
			);
			productRefGroup = C72FB0AE29A37F6300F8DEEF /* Products */;
			projectDirPath = "";
			projectRoot = "";
			targets = (
				C72FB0AC29A37F6300F8DEEF /* AppTemplate */,
			);
		};
/* End PBXProject section */

/* Begin PBXResourcesBuildPhase section */
		C72FB0AB29A37F6300F8DEEF /* Resources */ = {
			isa = PBXResourcesBuildPhase;
			buildActionMask = 2147483647;
			files = (
				C72FB0B829A37F6500F8DEEF /* Preview Assets.xcassets in Resources */,
				C72FB0B529A37F6500F8DEEF /* Assets.xcassets in Resources */,
				ABEDFA192B0625B700C29C6C /* GoogleService-Info.plist in Resources */,
			);
			runOnlyForDeploymentPostprocessing = 0;
		};
/* End PBXResourcesBuildPhase section */

/* Begin PBXSourcesBuildPhase section */
		C72FB0A929A37F6300F8DEEF /* Sources */ = {
			isa = PBXSourcesBuildPhase;
			buildActionMask = 2147483647;
			files = (
				C79D96012A3C61010071C58E /* PaywallState.swift in Sources */,
				7CF56B932B7678EB00F6FD01 /* LaunchView.swift in Sources */,
				7CF56B6A2B7664C000F6FD01 /* Drawable.swift in Sources */,
				7CF56B9E2B767B6100F6FD01 /* AlertViewModel.swift in Sources */,
				7CF56B832B7666E300F6FD01 /* EmptyPaywallCoordinator.swift in Sources */,
				7CF56B732B76652800F6FD01 /* WebViewView.swift in Sources */,
				C75CFA9F2ADD33F2009D5B28 /* AttDataSource.swift in Sources */,
				7CF56BA02B767B7000F6FD01 /* ConfirmDialogModifier.swift in Sources */,
				7CF56BA42B767C3200F6FD01 /* UIApplication.swift in Sources */,
				7CF56B822B7666E300F6FD01 /* EmptyPaywallView.swift in Sources */,
				7CF56B852B76672800F6FD01 /* PaywallFactory.swift in Sources */,
				7CF56B752B76653C00F6FD01 /* WebViewViewModel.swift in Sources */,
				7CF56B892B7678CF00F6FD01 /* AppCoordinator.swift in Sources */,
				7CF56BA22B767BFD00F6FD01 /* WebViewWrapper.swift in Sources */,
				ABEDFA142B051C0500C29C6C /* PaywallDataSource.swift in Sources */,
				C779D9772ACC197D00EAABB1 /* AppCoreConfiguration.swift in Sources */,
				C72FB0BF29A3919000F8DEEF /* AppDelegate.swift in Sources */,
				7CF56B872B76683B00F6FD01 /* Constants.swift in Sources */,
				7CF56B6C2B7664CC00F6FD01 /* ModalRouter.swift in Sources */,
				7CF56B9B2B767A8E00F6FD01 /* SceneDelegate.swift in Sources */,
				C7F2EB882AD88BE300D2BC00 /* AppConfigurationEvents.swift in Sources */,
				7CF56B772B76658200F6FD01 /* SwiftUIView.swift in Sources */,
				7CF56B942B7678EB00F6FD01 /* LaunchCoordinator.swift in Sources */,
				7CF56B6E2B7664DB00F6FD01 /* Router.swift in Sources */,
				C72FB0E129A3BC1000F8DEEF /* UDStorage.swift in Sources */,
				AB2998832AFE3D9F00A0D5E3 /* Array.swift in Sources */,
				7CF56B812B7666E300F6FD01 /* EmptyPaywallViewModel.swift in Sources */,
				7CF56B992B7679B600F6FD01 /* DIContainer.swift in Sources */,
				ABEDFA102B036C3400C29C6C /* PaywallConfig.swift in Sources */,
				7CF56B922B7678EB00F6FD01 /* LaunchViewModel.swift in Sources */,
				C7F2EB832AD681FA00D2BC00 /* AppCoreManager.swift in Sources */,
				7CF56B682B7664A500F6FD01 /* BaseCoordinator.swift in Sources */,
				C79D96092A3C62F80071C58E /* Dictionary.swift in Sources */,
				C72FB0DF29A3A2DF00F8DEEF /* AppCoreSettings.swift in Sources */,
				7CF56B712B76651A00F6FD01 /* WebViewCoordinator.swift in Sources */,
				C779D9792ACC19B900EAABB1 /* AppAnalytics.swift in Sources */,
				C779D97B2ACC19E700EAABB1 /* AppRemoteConfig.swift in Sources */,
				7CF56B972B76799A00F6FD01 /* AppEnvironment.swift in Sources */,
			);
			runOnlyForDeploymentPostprocessing = 0;
		};
/* End PBXSourcesBuildPhase section */

/* Begin XCBuildConfiguration section */
		C72FB0B929A37F6500F8DEEF /* Debug */ = {
			isa = XCBuildConfiguration;
			buildSettings = {
				ALWAYS_SEARCH_USER_PATHS = NO;
				CLANG_ANALYZER_NONNULL = YES;
				CLANG_ANALYZER_NUMBER_OBJECT_CONVERSION = YES_AGGRESSIVE;
				CLANG_CXX_LANGUAGE_STANDARD = "gnu++20";
				CLANG_ENABLE_MODULES = YES;
				CLANG_ENABLE_OBJC_ARC = YES;
				CLANG_ENABLE_OBJC_WEAK = YES;
				CLANG_WARN_BLOCK_CAPTURE_AUTORELEASING = YES;
				CLANG_WARN_BOOL_CONVERSION = YES;
				CLANG_WARN_COMMA = YES;
				CLANG_WARN_CONSTANT_CONVERSION = YES;
				CLANG_WARN_DEPRECATED_OBJC_IMPLEMENTATIONS = YES;
				CLANG_WARN_DIRECT_OBJC_ISA_USAGE = YES_ERROR;
				CLANG_WARN_DOCUMENTATION_COMMENTS = YES;
				CLANG_WARN_EMPTY_BODY = YES;
				CLANG_WARN_ENUM_CONVERSION = YES;
				CLANG_WARN_INFINITE_RECURSION = YES;
				CLANG_WARN_INT_CONVERSION = YES;
				CLANG_WARN_NON_LITERAL_NULL_CONVERSION = YES;
				CLANG_WARN_OBJC_IMPLICIT_RETAIN_SELF = YES;
				CLANG_WARN_OBJC_LITERAL_CONVERSION = YES;
				CLANG_WARN_OBJC_ROOT_CLASS = YES_ERROR;
				CLANG_WARN_QUOTED_INCLUDE_IN_FRAMEWORK_HEADER = YES;
				CLANG_WARN_RANGE_LOOP_ANALYSIS = YES;
				CLANG_WARN_STRICT_PROTOTYPES = YES;
				CLANG_WARN_SUSPICIOUS_MOVE = YES;
				CLANG_WARN_UNGUARDED_AVAILABILITY = YES_AGGRESSIVE;
				CLANG_WARN_UNREACHABLE_CODE = YES;
				CLANG_WARN__DUPLICATE_METHOD_MATCH = YES;
				COPY_PHASE_STRIP = NO;
				DEBUG_INFORMATION_FORMAT = dwarf;
				ENABLE_STRICT_OBJC_MSGSEND = YES;
				ENABLE_TESTABILITY = YES;
				GCC_C_LANGUAGE_STANDARD = gnu11;
				GCC_DYNAMIC_NO_PIC = NO;
				GCC_NO_COMMON_BLOCKS = YES;
				GCC_OPTIMIZATION_LEVEL = 0;
				GCC_PREPROCESSOR_DEFINITIONS = (
					"DEBUG=1",
					"$(inherited)",
				);
				GCC_WARN_64_TO_32_BIT_CONVERSION = YES;
				GCC_WARN_ABOUT_RETURN_TYPE = YES_ERROR;
				GCC_WARN_UNDECLARED_SELECTOR = YES;
				GCC_WARN_UNINITIALIZED_AUTOS = YES_AGGRESSIVE;
				GCC_WARN_UNUSED_FUNCTION = YES;
				GCC_WARN_UNUSED_VARIABLE = YES;
				IPHONEOS_DEPLOYMENT_TARGET = 15.0;
				MTL_ENABLE_DEBUG_INFO = INCLUDE_SOURCE;
				MTL_FAST_MATH = YES;
				ONLY_ACTIVE_ARCH = YES;
				SDKROOT = iphoneos;
				SWIFT_ACTIVE_COMPILATION_CONDITIONS = DEBUG;
				SWIFT_OPTIMIZATION_LEVEL = "-Onone";
			};
			name = Debug;
		};
		C72FB0BA29A37F6500F8DEEF /* Release */ = {
			isa = XCBuildConfiguration;
			buildSettings = {
				ALWAYS_SEARCH_USER_PATHS = NO;
				CLANG_ANALYZER_NONNULL = YES;
				CLANG_ANALYZER_NUMBER_OBJECT_CONVERSION = YES_AGGRESSIVE;
				CLANG_CXX_LANGUAGE_STANDARD = "gnu++20";
				CLANG_ENABLE_MODULES = YES;
				CLANG_ENABLE_OBJC_ARC = YES;
				CLANG_ENABLE_OBJC_WEAK = YES;
				CLANG_WARN_BLOCK_CAPTURE_AUTORELEASING = YES;
				CLANG_WARN_BOOL_CONVERSION = YES;
				CLANG_WARN_COMMA = YES;
				CLANG_WARN_CONSTANT_CONVERSION = YES;
				CLANG_WARN_DEPRECATED_OBJC_IMPLEMENTATIONS = YES;
				CLANG_WARN_DIRECT_OBJC_ISA_USAGE = YES_ERROR;
				CLANG_WARN_DOCUMENTATION_COMMENTS = YES;
				CLANG_WARN_EMPTY_BODY = YES;
				CLANG_WARN_ENUM_CONVERSION = YES;
				CLANG_WARN_INFINITE_RECURSION = YES;
				CLANG_WARN_INT_CONVERSION = YES;
				CLANG_WARN_NON_LITERAL_NULL_CONVERSION = YES;
				CLANG_WARN_OBJC_IMPLICIT_RETAIN_SELF = YES;
				CLANG_WARN_OBJC_LITERAL_CONVERSION = YES;
				CLANG_WARN_OBJC_ROOT_CLASS = YES_ERROR;
				CLANG_WARN_QUOTED_INCLUDE_IN_FRAMEWORK_HEADER = YES;
				CLANG_WARN_RANGE_LOOP_ANALYSIS = YES;
				CLANG_WARN_STRICT_PROTOTYPES = YES;
				CLANG_WARN_SUSPICIOUS_MOVE = YES;
				CLANG_WARN_UNGUARDED_AVAILABILITY = YES_AGGRESSIVE;
				CLANG_WARN_UNREACHABLE_CODE = YES;
				CLANG_WARN__DUPLICATE_METHOD_MATCH = YES;
				COPY_PHASE_STRIP = NO;
				DEBUG_INFORMATION_FORMAT = "dwarf-with-dsym";
				ENABLE_NS_ASSERTIONS = NO;
				ENABLE_STRICT_OBJC_MSGSEND = YES;
				GCC_C_LANGUAGE_STANDARD = gnu11;
				GCC_NO_COMMON_BLOCKS = YES;
				GCC_WARN_64_TO_32_BIT_CONVERSION = YES;
				GCC_WARN_ABOUT_RETURN_TYPE = YES_ERROR;
				GCC_WARN_UNDECLARED_SELECTOR = YES;
				GCC_WARN_UNINITIALIZED_AUTOS = YES_AGGRESSIVE;
				GCC_WARN_UNUSED_FUNCTION = YES;
				GCC_WARN_UNUSED_VARIABLE = YES;
				IPHONEOS_DEPLOYMENT_TARGET = 15.0;
				MTL_ENABLE_DEBUG_INFO = NO;
				MTL_FAST_MATH = YES;
				SDKROOT = iphoneos;
				SWIFT_COMPILATION_MODE = wholemodule;
				SWIFT_OPTIMIZATION_LEVEL = "-O";
				VALIDATE_PRODUCT = YES;
			};
			name = Release;
		};
		C72FB0BC29A37F6500F8DEEF /* Debug */ = {
			isa = XCBuildConfiguration;
			buildSettings = {
				ASSETCATALOG_COMPILER_APPICON_NAME = AppIcon;
				ASSETCATALOG_COMPILER_GLOBAL_ACCENT_COLOR_NAME = AccentColor;
				CODE_SIGN_STYLE = Automatic;
				CURRENT_PROJECT_VERSION = 2;
				DEVELOPMENT_ASSET_PATHS = "\"AppTemplate/Preview Content\"";
				DEVELOPMENT_TEAM = "";
				ENABLE_PREVIEWS = YES;
				GENERATE_INFOPLIST_FILE = YES;
				INFOPLIST_FILE = AppTemplate/Info.plist;
				INFOPLIST_KEY_NSUserTrackingUsageDescription = "йцуйцуйцу";
				INFOPLIST_KEY_UIApplicationSupportsIndirectInputEvents = YES;
				INFOPLIST_KEY_UILaunchScreen_Generation = YES;
				INFOPLIST_KEY_UISupportedInterfaceOrientations = UIInterfaceOrientationPortrait;
				INFOPLIST_KEY_UISupportedInterfaceOrientations_iPad = "UIInterfaceOrientationPortrait UIInterfaceOrientationPortraitUpsideDown";
				IPHONEOS_DEPLOYMENT_TARGET = 15.0;
				LD_RUNPATH_SEARCH_PATHS = (
					"$(inherited)",
					"@executable_path/Frameworks",
				);
				MARKETING_VERSION = 1.0;
				PRODUCT_BUNDLE_IDENTIFIER = ap.AppTemplate;
				PRODUCT_NAME = "$(TARGET_NAME)";
				SUPPORTED_PLATFORMS = "iphoneos iphonesimulator";
				SUPPORTS_MACCATALYST = NO;
				SUPPORTS_MAC_DESIGNED_FOR_IPHONE_IPAD = NO;
				SWIFT_EMIT_LOC_STRINGS = YES;
				SWIFT_VERSION = 5.0;
				TARGETED_DEVICE_FAMILY = 1;
			};
			name = Debug;
		};
		C72FB0BD29A37F6500F8DEEF /* Release */ = {
			isa = XCBuildConfiguration;
			buildSettings = {
				ASSETCATALOG_COMPILER_APPICON_NAME = AppIcon;
				ASSETCATALOG_COMPILER_GLOBAL_ACCENT_COLOR_NAME = AccentColor;
				CODE_SIGN_STYLE = Automatic;
				CURRENT_PROJECT_VERSION = 2;
				DEVELOPMENT_ASSET_PATHS = "\"AppTemplate/Preview Content\"";
				DEVELOPMENT_TEAM = "";
				ENABLE_PREVIEWS = YES;
				GENERATE_INFOPLIST_FILE = YES;
				INFOPLIST_FILE = AppTemplate/Info.plist;
				INFOPLIST_KEY_NSUserTrackingUsageDescription = "йцуйцуйцу";
				INFOPLIST_KEY_UIApplicationSupportsIndirectInputEvents = YES;
				INFOPLIST_KEY_UILaunchScreen_Generation = YES;
				INFOPLIST_KEY_UISupportedInterfaceOrientations = UIInterfaceOrientationPortrait;
				INFOPLIST_KEY_UISupportedInterfaceOrientations_iPad = "UIInterfaceOrientationPortrait UIInterfaceOrientationPortraitUpsideDown";
				IPHONEOS_DEPLOYMENT_TARGET = 15.0;
				LD_RUNPATH_SEARCH_PATHS = (
					"$(inherited)",
					"@executable_path/Frameworks",
				);
				MARKETING_VERSION = 1.0;
				PRODUCT_BUNDLE_IDENTIFIER = ap.AppTemplate;
				PRODUCT_NAME = "$(TARGET_NAME)";
				SUPPORTED_PLATFORMS = "iphoneos iphonesimulator";
				SUPPORTS_MACCATALYST = NO;
				SUPPORTS_MAC_DESIGNED_FOR_IPHONE_IPAD = NO;
				SWIFT_EMIT_LOC_STRINGS = YES;
				SWIFT_VERSION = 5.0;
				TARGETED_DEVICE_FAMILY = 1;
			};
			name = Release;
		};
/* End XCBuildConfiguration section */

/* Begin XCConfigurationList section */
		C72FB0A829A37F6300F8DEEF /* Build configuration list for PBXProject "AppTemplate" */ = {
			isa = XCConfigurationList;
			buildConfigurations = (
				C72FB0B929A37F6500F8DEEF /* Debug */,
				C72FB0BA29A37F6500F8DEEF /* Release */,
			);
			defaultConfigurationIsVisible = 0;
			defaultConfigurationName = Release;
		};
		C72FB0BB29A37F6500F8DEEF /* Build configuration list for PBXNativeTarget "AppTemplate" */ = {
			isa = XCConfigurationList;
			buildConfigurations = (
				C72FB0BC29A37F6500F8DEEF /* Debug */,
				C72FB0BD29A37F6500F8DEEF /* Release */,
			);
			defaultConfigurationIsVisible = 0;
			defaultConfigurationName = Release;
		};
/* End XCConfigurationList section */

/* Begin XCRemoteSwiftPackageReference section */
		C72BBA7E2AD96F3D00AB1E87 /* XCRemoteSwiftPackageReference "CoreIntegrations" */ = {
			isa = XCRemoteSwiftPackageReference;
			repositoryURL = "https://github.com/galean/CoreIntegrations";
			requirement = {
				branch = mainRC;
				kind = branch;
			};
		};
/* End XCRemoteSwiftPackageReference section */

/* Begin XCSwiftPackageProductDependency section */
		C72BBA7F2AD96F3D00AB1E87 /* CoreIntegrations */ = {
			isa = XCSwiftPackageProductDependency;
			package = C72BBA7E2AD96F3D00AB1E87 /* XCRemoteSwiftPackageReference "CoreIntegrations" */;
			productName = CoreIntegrations;
		};
/* End XCSwiftPackageProductDependency section */
	};
	rootObject = C72FB0A529A37F6300F8DEEF /* Project object */;
}
